
Microsoft Visual Studio Solution File, Format Version 12.00
# Visual Studio Version 16
VisualStudioVersion = 16.0.30413.136
MinimumVisualStudioVersion = 10.0.40219.1
Project("{888888A0-9F3D-457C-B088-3A5042F75D52}") = "Biquadratic_equation_1_python", "Biquadratic_equation_1_python\Biquadratic_equation_1_python.pyproj", "{C8E2BB12-C691-4935-95F4-FE2E10D9E06A}"
EndProject
Global
	GlobalSection(SolutionConfigurationPlatforms) = preSolution
		Debug|Any CPU = Debug|Any CPU
		Release|Any CPU = Release|Any CPU
	EndGlobalSection
	GlobalSection(ProjectConfigurationPlatforms) = postSolution
		{C8E2BB12-C691-4935-95F4-FE2E10D9E06A}.Debug|Any CPU.ActiveCfg = Debug|Any CPU
		{C8E2BB12-C691-4935-95F4-FE2E10D9E06A}.Release|Any CPU.ActiveCfg = Release|Any CPU
	EndGlobalSection
	GlobalSection(SolutionProperties) = preSolution
		HideSolutionNode = FALSE
	EndGlobalSection
	GlobalSection(ExtensibilityGlobals) = postSolution
		SolutionGuid = {5CB612C2-A331-44A5-B2F1-F3E5B17DC439}
	EndGlobalSection
EndGlobal
